# @generated - this file is auto-generated by `mise lock` https://mise.jdx.dev/dev-tools/mise-lock.html

[[tools."aqua:EmbarkStudios/cargo-deny"]]
version = "0.20.2"
backend = "aqua:EmbarkStudios/cargo-deny"

[tools."aqua:EmbarkStudios/cargo-deny"."platforms.linux-arm64"]
checksum = "sha256:995c82be0defc7a025cae49a2aa2644ce8245c9a3318fc4103907c6a285e8c7d"
url = "https://github.com/EmbarkStudios/cargo-deny/releases/download/0.20.2/cargo-deny-0.20.2-aarch64-unknown-linux-musl.tar.gz"
url_api = "https://api.github.com/repos/EmbarkStudios/cargo-deny/releases/assets/471598345"

[tools."aqua:EmbarkStudios/cargo-deny"."platforms.linux-arm64-musl"]
checksum = "sha256:995c82be0defc7a025cae49a2aa2644ce8245c9a3318fc4103907c6a285e8c7d"
url = "https://github.com/EmbarkStudios/cargo-deny/releases/download/0.20.2/cargo-deny-0.20.2-aarch64-unknown-linux-musl.tar.gz"
url_api = "https://api.github.com/repos/EmbarkStudios/cargo-deny/releases/assets/471598345"

[tools."aqua:EmbarkStudios/cargo-deny"."platforms.linux-x64"]
checksum = "sha256:9f12ed4c49936e09b48bf862b595cde2fe64fcbd9d74dfacac6131ca824c8d5f"
url = "https://github.com/EmbarkStudios/cargo-deny/releases/download/0.20.2/cargo-deny-0.20.2-x86_64-unknown-linux-musl.tar.gz"
url_api = "https://api.github.com/repos/EmbarkStudios/cargo-deny/releases/assets/471598214"

[tools."aqua:EmbarkStudios/cargo-deny"."platforms.linux-x64-musl"]
checksum = "sha256:9f12ed4c49936e09b48bf862b595cde2fe64fcbd9d74dfacac6131ca824c8d5f"
url = "https://github.com/EmbarkStudios/cargo-deny/releases/download/0.20.2/cargo-deny-0.20.2-x86_64-unknown-linux-musl.tar.gz"
url_api = "https://api.github.com/repos/EmbarkStudios/cargo-deny/releases/assets/471598214"

[tools."aqua:EmbarkStudios/cargo-deny"."platforms.macos-arm64"]
checksum = "sha256:fe67d82a10d8597a3549364cb733a3f9cc1bfff9031b7ae46384a9f2a72090c3"
url = "https://github.com/EmbarkStudios/cargo-deny/releases/download/0.20.2/cargo-deny-0.20.2-aarch64-apple-darwin.tar.gz"
url_api = "https://api.github.com/repos/EmbarkStudios/cargo-deny/releases/assets/471597689"

[tools."aqua:EmbarkStudios/cargo-deny"."platforms.macos-x64"]
checksum = "sha256:248da7f581724e470071990c088ffc55c811981715f4cbdb258621fb79f8b7a6"
url = "https://github.com/EmbarkStudios/cargo-deny/releases/download/0.20.2/cargo-deny-0.20.2-x86_64-apple-darwin.tar.gz"
url_api = "https://api.github.com/repos/EmbarkStudios/cargo-deny/releases/assets/471598357"

[tools."aqua:EmbarkStudios/cargo-deny"."platforms.windows-x64"]
checksum = "sha256:975a22143262fd27476d19ee00c7af67978426e40e1dee94eed6bbade1cf87dc"
url = "https://github.com/EmbarkStudios/cargo-deny/releases/download/0.20.2/cargo-deny-0.20.2-x86_64-pc-windows-msvc.tar.gz"
url_api = "https://api.github.com/repos/EmbarkStudios/cargo-deny/releases/assets/471599057"

[[tools."aqua:cli/cli"]]
version = "2.97.0"
backend = "aqua:cli/cli"

[tools."aqua:cli/cli"."platforms.linux-arm64"]
checksum = "sha256:73ea440ecad9c9e284429997ee6f93577bc6f7bc6fba357ef62c53ad8fb641a5"
url = "https://github.com/cli/cli/releases/download/v2.97.0/gh_2.97.0_linux_arm64.tar.gz"
url_api = "https://api.github.com/repos/cli/cli/releases/assets/496108278"
provenance = "github-attestations"

[tools."aqua:cli/cli"."platforms.linux-arm64-musl"]
checksum = "sha256:73ea440ecad9c9e284429997ee6f93577bc6f7bc6fba357ef62c53ad8fb641a5"
url = "https://github.com/cli/cli/releases/download/v2.97.0/gh_2.97.0_linux_arm64.tar.gz"
url_api = "https://api.github.com/repos/cli/cli/releases/assets/496108278"
provenance = "github-attestations"

[tools."aqua:cli/cli"."platforms.linux-x64"]
checksum = "sha256:a2c9b8497e1f85b1ad0dfcb78b5a622e098801b8e461e459e88e1ee12f018112"
url = "https://github.com/cli/cli/releases/download/v2.97.0/gh_2.97.0_linux_amd64.tar.gz"
url_api = "https://api.github.com/repos/cli/cli/releases/assets/496108269"
provenance = "github-attestations"

[tools."aqua:cli/cli"."platforms.linux-x64-musl"]
checksum = "sha256:a2c9b8497e1f85b1ad0dfcb78b5a622e098801b8e461e459e88e1ee12f018112"
url = "https://github.com/cli/cli/releases/download/v2.97.0/gh_2.97.0_linux_amd64.tar.gz"
url_api = "https://api.github.com/repos/cli/cli/releases/assets/496108269"
provenance = "github-attestations"

[tools."aqua:cli/cli"."platforms.macos-arm64"]
checksum = "sha256:a58b8fd77b417a38f47a0b54d1370c59b0fcdb324ccc9ca002b0998f7c4c999e"
url = "https://github.com/cli/cli/releases/download/v2.97.0/gh_2.97.0_macOS_arm64.zip"
url_api = "https://api.github.com/repos/cli/cli/releases/assets/496108298"
provenance = "github-attestations"

[tools."aqua:cli/cli"."platforms.macos-x64"]
checksum = "sha256:63298c998cc2a924c9e254c6af6a1caad6ece281122687a91f079bc0a462700e"
url = "https://github.com/cli/cli/releases/download/v2.97.0/gh_2.97.0_macOS_amd64.zip"
url_api = "https://api.github.com/repos/cli/cli/releases/assets/496108300"
provenance = "github-attestations"

[tools."aqua:cli/cli"."platforms.windows-x64"]
checksum = "sha256:35d7fe05c4dd1411ffda1e73dfc7c6f44b75c936ca51fa6595c657fdc0350cec"
url = "https://github.com/cli/cli/releases/download/v2.97.0/gh_2.97.0_windows_amd64.zip"
url_api = "https://api.github.com/repos/cli/cli/releases/assets/496108319"
provenance = "github-attestations"

[[tools."aqua:jqlang/jq"]]
version = "1.7"
backend = "aqua:jqlang/jq"

[tools."aqua:jqlang/jq"."platforms.linux-arm64"]
checksum = "sha256:ab57ee39075db4a23f899d396ecef3c6e58f6aada35bfee472468210bd126940"
url = "https://github.com/jqlang/jq/releases/download/jq-1.7/jq-linux-arm64"
url_api = "https://api.github.com/repos/jqlang/jq/releases/assets/124890209"

[tools."aqua:jqlang/jq"."platforms.linux-arm64-musl"]
checksum = "sha256:ab57ee39075db4a23f899d396ecef3c6e58f6aada35bfee472468210bd126940"
url = "https://github.com/jqlang/jq/releases/download/jq-1.7/jq-linux-arm64"
url_api = "https://api.github.com/repos/jqlang/jq/releases/assets/124890209"

[tools."aqua:jqlang/jq"."platforms.linux-x64"]
checksum = "sha256:2f312b9587b1c1eddf3a53f9a0b7d276b9b7b94576c85bda22808ca950569716"
url = "https://github.com/jqlang/jq/releases/download/jq-1.7/jq-linux-amd64"
url_api = "https://api.github.com/repos/jqlang/jq/releases/assets/124890211"

[tools."aqua:jqlang/jq"."platforms.linux-x64-musl"]
checksum = "sha256:2f312b9587b1c1eddf3a53f9a0b7d276b9b7b94576c85bda22808ca950569716"
url = "https://github.com/jqlang/jq/releases/download/jq-1.7/jq-linux-amd64"
url_api = "https://api.github.com/repos/jqlang/jq/releases/assets/124890211"

[tools."aqua:jqlang/jq"."platforms.macos-arm64"]
checksum = "sha256:b8d313fd4f3bd8a0b338b9ddd1c006fccf9312dc609a20d2d6e4bad964aa99f9"
url = "https://github.com/jqlang/jq/releases/download/jq-1.7/jq-macos-arm64"
url_api = "https://api.github.com/repos/jqlang/jq/releases/assets/124890230"

[tools."aqua:jqlang/jq"."platforms.macos-x64"]
checksum = "sha256:4b4568fb5c6cbb8f1a8f640ff601c6d2bbecf9fa8f2cf796c7482e7054a01c41"
url = "https://github.com/jqlang/jq/releases/download/jq-1.7/jq-macos-amd64"
url_api = "https://api.github.com/repos/jqlang/jq/releases/assets/124890229"

[tools."aqua:jqlang/jq"."platforms.windows-x64"]
checksum = "sha256:2e9cc54d0a5d098e2007decec1dbb3c555ca2f5aabded7aec907fe0ffe401aab"
url = "https://github.com/jqlang/jq/releases/download/jq-1.7/jq-windows-amd64.exe"
url_api = "https://api.github.com/repos/jqlang/jq/releases/assets/124890231"

[[tools."aqua:koalaman/shellcheck"]]
version = "0.11.0"
backend = "aqua:koalaman/shellcheck"

[tools."aqua:koalaman/shellcheck"."platforms.linux-arm64"]
checksum = "sha256:12b331c1d2db6b9eb13cfca64306b1b157a86eb69db83023e261eaa7e7c14588"
url = "https://github.com/koalaman/shellcheck/releases/download/v0.11.0/shellcheck-v0.11.0.linux.aarch64.tar.xz"
url_api = "https://api.github.com/repos/koalaman/shellcheck/releases/assets/279056934"

[tools."aqua:koalaman/shellcheck"."platforms.linux-arm64-musl"]
checksum = "sha256:12b331c1d2db6b9eb13cfca64306b1b157a86eb69db83023e261eaa7e7c14588"
url = "https://github.com/koalaman/shellcheck/releases/download/v0.11.0/shellcheck-v0.11.0.linux.aarch64.tar.xz"
url_api = "https://api.github.com/repos/koalaman/shellcheck/releases/assets/279056934"

[tools."aqua:koalaman/shellcheck"."platforms.linux-x64"]
checksum = "sha256:8c3be12b05d5c177a04c29e3c78ce89ac86f1595681cab149b65b97c4e227198"
url = "https://github.com/koalaman/shellcheck/releases/download/v0.11.0/shellcheck-v0.11.0.linux.x86_64.tar.xz"
url_api = "https://api.github.com/repos/koalaman/shellcheck/releases/assets/279056942"

[tools."aqua:koalaman/shellcheck"."platforms.linux-x64-musl"]
checksum = "sha256:8c3be12b05d5c177a04c29e3c78ce89ac86f1595681cab149b65b97c4e227198"
url = "https://github.com/koalaman/shellcheck/releases/download/v0.11.0/shellcheck-v0.11.0.linux.x86_64.tar.xz"
url_api = "https://api.github.com/repos/koalaman/shellcheck/releases/assets/279056942"

[tools."aqua:koalaman/shellcheck"."platforms.macos-arm64"]
checksum = "sha256:56affdd8de5527894dca6dc3d7e0a99a873b0f004d7aabc30ae407d3f48b0a79"
url = "https://github.com/koalaman/shellcheck/releases/download/v0.11.0/shellcheck-v0.11.0.darwin.aarch64.tar.xz"
url_api = "https://api.github.com/repos/koalaman/shellcheck/releases/assets/279056932"

[tools."aqua:koalaman/shellcheck"."platforms.macos-x64"]
checksum = "sha256:3c89db4edcab7cf1c27bff178882e0f6f27f7afdf54e859fa041fca10febe4c6"
url = "https://github.com/koalaman/shellcheck/releases/download/v0.11.0/shellcheck-v0.11.0.darwin.x86_64.tar.xz"
url_api = "https://api.github.com/repos/koalaman/shellcheck/releases/assets/279056930"

[tools."aqua:koalaman/shellcheck"."platforms.windows-x64"]
checksum = "sha256:8a4e35ab0b331c85d73567b12f2a444df187f483e5079ceffa6bda1faa2e740e"
url = "https://github.com/koalaman/shellcheck/releases/download/v0.11.0/shellcheck-v0.11.0.zip"
url_api = "https://api.github.com/repos/koalaman/shellcheck/releases/assets/279056944"

[[tools."aqua:mvdan/sh"]]
version = "3.12.0"
backend = "aqua:mvdan/sh"

[tools."aqua:mvdan/sh"."platforms.linux-arm64"]
checksum = "sha256:5f3fe3fa6a9f766e6a182ba79a94bef8afedafc57db0b1ad32b0f67fae971ba4"
url = "https://github.com/mvdan/sh/releases/download/v3.12.0/shfmt_v3.12.0_linux_arm64"
url_api = "https://api.github.com/repos/mvdan/sh/releases/assets/270490141"

[tools."aqua:mvdan/sh"."platforms.linux-arm64-musl"]
checksum = "sha256:5f3fe3fa6a9f766e6a182ba79a94bef8afedafc57db0b1ad32b0f67fae971ba4"
url = "https://github.com/mvdan/sh/releases/download/v3.12.0/shfmt_v3.12.0_linux_arm64"
url_api = "https://api.github.com/repos/mvdan/sh/releases/assets/270490141"

[tools."aqua:mvdan/sh"."platforms.linux-x64"]
checksum = "sha256:d9fbb2a9c33d13f47e7618cf362a914d029d02a6df124064fff04fd688a745ea"
url = "https://github.com/mvdan/sh/releases/download/v3.12.0/shfmt_v3.12.0_linux_amd64"
url_api = "https://api.github.com/repos/mvdan/sh/releases/assets/270490140"

[tools."aqua:mvdan/sh"."platforms.linux-x64-musl"]
checksum = "sha256:d9fbb2a9c33d13f47e7618cf362a914d029d02a6df124064fff04fd688a745ea"
url = "https://github.com/mvdan/sh/releases/download/v3.12.0/shfmt_v3.12.0_linux_amd64"
url_api = "https://api.github.com/repos/mvdan/sh/releases/assets/270490140"

[tools."aqua:mvdan/sh"."platforms.macos-arm64"]
checksum = "sha256:d903802e0ce3ecbc82b98512f55ba370b0d37a93f3f78de394f5b657052b33dd"
url = "https://github.com/mvdan/sh/releases/download/v3.12.0/shfmt_v3.12.0_darwin_arm64"
url_api = "https://api.github.com/repos/mvdan/sh/releases/assets/270490132"

[tools."aqua:mvdan/sh"."platforms.macos-x64"]
checksum = "sha256:c31548693de6584e6164b7ed5fbb7b4a083f2d937ca94b4e0ddf59aa461a85e4"
url = "https://github.com/mvdan/sh/releases/download/v3.12.0/shfmt_v3.12.0_darwin_amd64"
url_api = "https://api.github.com/repos/mvdan/sh/releases/assets/270490139"

[tools."aqua:mvdan/sh"."platforms.windows-x64"]
checksum = "sha256:c8bda517ba1c640ce4a715c0fa665439ddbe4357ba5e9b77b0e51e70e2b9c94b"
url = "https://github.com/mvdan/sh/releases/download/v3.12.0/shfmt_v3.12.0_windows_amd64.exe"
url_api = "https://api.github.com/repos/mvdan/sh/releases/assets/270490128"

[[tools."aqua:release-plz/release-plz"]]
version = "0.3.160"
backend = "aqua:release-plz/release-plz"

[tools."aqua:release-plz/release-plz"."platforms.linux-arm64"]
checksum = "sha256:43022dc9192f6da8d7f1e9157fc492a8339502b29623432b172f5353b0a4283a"
url = "https://github.com/release-plz/release-plz/releases/download/release-plz-v0.3.160/release-plz-aarch64-unknown-linux-musl.tar.gz"
url_api = "https://api.github.com/repos/release-plz/release-plz/releases/assets/476456802"

[tools."aqua:release-plz/release-plz"."platforms.linux-arm64-musl"]
checksum = "sha256:43022dc9192f6da8d7f1e9157fc492a8339502b29623432b172f5353b0a4283a"
url = "https://github.com/release-plz/release-plz/releases/download/release-plz-v0.3.160/release-plz-aarch64-unknown-linux-musl.tar.gz"
url_api = "https://api.github.com/repos/release-plz/release-plz/releases/assets/476456802"

[tools."aqua:release-plz/release-plz"."platforms.linux-x64"]
checksum = "sha256:47a7ced8ce2870b767f47232adbfd5c561784af7cd0dbe1a83456977fe786d4a"
url = "https://github.com/release-plz/release-plz/releases/download/release-plz-v0.3.160/release-plz-x86_64-unknown-linux-musl.tar.gz"
url_api = "https://api.github.com/repos/release-plz/release-plz/releases/assets/476456450"

[tools."aqua:release-plz/release-plz"."platforms.linux-x64-musl"]
checksum = "sha256:47a7ced8ce2870b767f47232adbfd5c561784af7cd0dbe1a83456977fe786d4a"
url = "https://github.com/release-plz/release-plz/releases/download/release-plz-v0.3.160/release-plz-x86_64-unknown-linux-musl.tar.gz"
url_api = "https://api.github.com/repos/release-plz/release-plz/releases/assets/476456450"

[tools."aqua:release-plz/release-plz"."platforms.macos-arm64"]
checksum = "sha256:4ed9c58e2deac929154236580b7228c9ce00c7af4c6a9010f81cec3a3d012f4d"
url = "https://github.com/release-plz/release-plz/releases/download/release-plz-v0.3.160/release-plz-aarch64-apple-darwin.tar.gz"
url_api = "https://api.github.com/repos/release-plz/release-plz/releases/assets/476455697"

[tools."aqua:release-plz/release-plz"."platforms.windows-x64"]
checksum = "sha256:febcc0361cdfa557b30def8edf5d49aecc628b101727bbae29140950c4adb92b"
url = "https://github.com/release-plz/release-plz/releases/download/release-plz-v0.3.160/release-plz-x86_64-pc-windows-msvc.tar.gz"
url_api = "https://api.github.com/repos/release-plz/release-plz/releases/assets/476459873"

[[tools."aqua:rhysd/actionlint"]]
version = "1.7.7"
backend = "aqua:rhysd/actionlint"

[tools."aqua:rhysd/actionlint"."platforms.linux-arm64"]
checksum = "sha256:401942f9c24ed71e4fe71b76c7d638f66d8633575c4016efd2977ce7c28317d0"
url = "https://github.com/rhysd/actionlint/releases/download/v1.7.7/actionlint_1.7.7_linux_arm64.tar.gz"
url_api = "https://api.github.com/repos/rhysd/actionlint/releases/assets/221573255"

[tools."aqua:rhysd/actionlint"."platforms.linux-arm64-musl"]
checksum = "sha256:401942f9c24ed71e4fe71b76c7d638f66d8633575c4016efd2977ce7c28317d0"
url = "https://github.com/rhysd/actionlint/releases/download/v1.7.7/actionlint_1.7.7_linux_arm64.tar.gz"
url_api = "https://api.github.com/repos/rhysd/actionlint/releases/assets/221573255"

[tools."aqua:rhysd/actionlint"."platforms.linux-x64"]
checksum = "sha256:023070a287cd8cccd71515fedc843f1985bf96c436b7effaecce67290e7e0757"
url = "https://github.com/rhysd/actionlint/releases/download/v1.7.7/actionlint_1.7.7_linux_amd64.tar.gz"
url_api = "https://api.github.com/repos/rhysd/actionlint/releases/assets/221573254"

[tools."aqua:rhysd/actionlint"."platforms.linux-x64-musl"]
checksum = "sha256:023070a287cd8cccd71515fedc843f1985bf96c436b7effaecce67290e7e0757"
url = "https://github.com/rhysd/actionlint/releases/download/v1.7.7/actionlint_1.7.7_linux_amd64.tar.gz"
url_api = "https://api.github.com/repos/rhysd/actionlint/releases/assets/221573254"

[tools."aqua:rhysd/actionlint"."platforms.macos-arm64"]
checksum = "sha256:2693315b9093aeacb4ebd91a993fea54fc215057bf0da2659056b4bc033873db"
url = "https://github.com/rhysd/actionlint/releases/download/v1.7.7/actionlint_1.7.7_darwin_arm64.tar.gz"
url_api = "https://api.github.com/repos/rhysd/actionlint/releases/assets/221573250"

[tools."aqua:rhysd/actionlint"."platforms.macos-x64"]
checksum = "sha256:28e5de5a05fc558474f638323d736d822fff183d2d492f0aecb2b73cc44584f5"
url = "https://github.com/rhysd/actionlint/releases/download/v1.7.7/actionlint_1.7.7_darwin_amd64.tar.gz"
url_api = "https://api.github.com/repos/rhysd/actionlint/releases/assets/221573249"

[tools."aqua:rhysd/actionlint"."platforms.windows-x64"]
checksum = "sha256:7f12f1801bca3d480d67aaf7774f4c2a6359a3ca8eebe382c95c10c9704aa731"
url = "https://github.com/rhysd/actionlint/releases/download/v1.7.7/actionlint_1.7.7_windows_amd64.zip"
url_api = "https://api.github.com/repos/rhysd/actionlint/releases/assets/221573260"

[[tools.hk]]
version = "1.54.0"
backend = "aqua:jdx/hk"

[tools.hk."platforms.linux-arm64"]
checksum = "sha256:79458d7464bbdf63cd578ef9ece71003d3e53a993f9fa630888b93d3ae24dd79"
url = "https://github.com/jdx/hk/releases/download/v1.54.0/hk-aarch64-unknown-linux-gnu.tar.gz"
url_api = "https://api.github.com/repos/jdx/hk/releases/assets/496037128"

[tools.hk."platforms.linux-arm64-musl"]
checksum = "sha256:c1ad33f83265363440c7fc77656e604532049f038c42d7b8924fc43e5a3b935d"
url = "https://github.com/jdx/hk/releases/download/v1.54.0/hk-aarch64-unknown-linux-musl.tar.gz"
url_api = "https://api.github.com/repos/jdx/hk/releases/assets/496037132"

[tools.hk."platforms.linux-x64"]
checksum = "sha256:467f691713b1afbeada4df662bd44696405cd987a5c7f64fee0fe71399628d0c"
url = "https://github.com/jdx/hk/releases/download/v1.54.0/hk-x86_64-unknown-linux-gnu.tar.gz"
url_api = "https://api.github.com/repos/jdx/hk/releases/assets/496037136"

[tools.hk."platforms.linux-x64-musl"]
checksum = "sha256:ddce69611ce32a08b481dd3ccd5c700b1d535d12c86be784bc6d74b1d6256546"
url = "https://github.com/jdx/hk/releases/download/v1.54.0/hk-x86_64-unknown-linux-musl.tar.gz"
url_api = "https://api.github.com/repos/jdx/hk/releases/assets/496037135"

[tools.hk."platforms.macos-arm64"]
checksum = "sha256:54e47c56f64916e63004b68ae848637e3e90d06f89e3ae8de985ebc35fd9f7e7"
url = "https://github.com/jdx/hk/releases/download/v1.54.0/hk-aarch64-apple-darwin.tar.gz"
url_api = "https://api.github.com/repos/jdx/hk/releases/assets/496037130"

[tools.hk."platforms.windows-x64"]
checksum = "sha256:ab0f65942c89c72b322c700bf427926f54db84fd2827121eab03287144d2ec64"
url = "https://github.com/jdx/hk/releases/download/v1.54.0/hk-x86_64-pc-windows-msvc.zip"
url_api = "https://api.github.com/repos/jdx/hk/releases/assets/496037131"

[[tools."pipx:serena-agent"]]
version = "1.6.1"
backend = "pipx:serena-agent"

[[tools.rust]]
version = "1.85.0"
backend = "core:rust"

[tools.rust.options]
components = "clippy,rustfmt"

[[tools.uv]]
version = "0.8.24"
backend = "aqua:astral-sh/uv"

[tools.uv."platforms.linux-arm64"]
checksum = "sha256:2b8f7383b19d408c680a74a6dbd41c70976516922234eb0075fd2de67413cf29"
url = "https://github.com/astral-sh/uv/releases/download/0.8.24/uv-aarch64-unknown-linux-musl.tar.gz"
url_api = "https://api.github.com/repos/astral-sh/uv/releases/assets/301366457"

[tools.uv."platforms.linux-arm64-musl"]
checksum = "sha256:2b8f7383b19d408c680a74a6dbd41c70976516922234eb0075fd2de67413cf29"
url = "https://github.com/astral-sh/uv/releases/download/0.8.24/uv-aarch64-unknown-linux-musl.tar.gz"
url_api = "https://api.github.com/repos/astral-sh/uv/releases/assets/301366457"

[tools.uv."platforms.linux-x64"]
checksum = "sha256:b38ce629a8653a6b444b7c1bff2d8b99bdafd274e66a4900c5838051e3d99d26"
url = "https://github.com/astral-sh/uv/releases/download/0.8.24/uv-x86_64-unknown-linux-musl.tar.gz"
url_api = "https://api.github.com/repos/astral-sh/uv/releases/assets/301366495"

[tools.uv."platforms.linux-x64-musl"]
checksum = "sha256:b38ce629a8653a6b444b7c1bff2d8b99bdafd274e66a4900c5838051e3d99d26"
url = "https://github.com/astral-sh/uv/releases/download/0.8.24/uv-x86_64-unknown-linux-musl.tar.gz"
url_api = "https://api.github.com/repos/astral-sh/uv/releases/assets/301366495"

[tools.uv."platforms.macos-arm64"]
checksum = "sha256:5f0d9d14b17ba3f0af4602a7a5a2e4faececf0a9463736cf8e6269c49569b2fa"
url = "https://github.com/astral-sh/uv/releases/download/0.8.24/uv-aarch64-apple-darwin.tar.gz"
url_api = "https://api.github.com/repos/astral-sh/uv/releases/assets/301366446"

[tools.uv."platforms.macos-x64"]
checksum = "sha256:b75ccf924654ad168efac2ec6934704b3d6b9cbff1650b35e17fa3d26d2bea1f"
url = "https://github.com/astral-sh/uv/releases/download/0.8.24/uv-x86_64-apple-darwin.tar.gz"
url_api = "https://api.github.com/repos/astral-sh/uv/releases/assets/301366488"

[tools.uv."platforms.windows-x64"]
checksum = "sha256:5055be7909a844f703c54e8846d14ab676c34be6ea0d969ee74c5747feaedda0"
url = "https://github.com/astral-sh/uv/releases/download/0.8.24/uv-x86_64-pc-windows-msvc.zip"
url_api = "https://api.github.com/repos/astral-sh/uv/releases/assets/301366490"

[[tools.zizmor]]
version = "1.29.0"
backend = "aqua:zizmorcore/zizmor"

[tools.zizmor."platforms.linux-arm64"]
checksum = "sha256:415eaa7c0a06479a701b8e44a3e812c1047decc848ec4bede7bd6bbf49f22d20"
url = "https://github.com/zizmorcore/zizmor/releases/download/v1.29.0/zizmor-aarch64-unknown-linux-gnu.tar.gz"
url_api = "https://api.github.com/repos/zizmorcore/zizmor/releases/assets/498263143"
provenance = "github-attestations"

[tools.zizmor."platforms.linux-arm64-musl"]
provenance = "github-attestations"

[tools.zizmor."platforms.linux-x64"]
checksum = "sha256:dd96df044a6e8538d5f423790f453bdd03d49e5b2bcc38214acc41a2f1297839"
url = "https://github.com/zizmorcore/zizmor/releases/download/v1.29.0/zizmor-x86_64-unknown-linux-gnu.tar.gz"
url_api = "https://api.github.com/repos/zizmorcore/zizmor/releases/assets/498263145"
provenance = "github-attestations"

[tools.zizmor."platforms.linux-x64-musl"]
provenance = "github-attestations"

[tools.zizmor."platforms.macos-arm64"]
checksum = "sha256:720322fade9e83a9c7953944c438f2ba942636b86b96a8f0e6b15ce94c8a6b6f"
url = "https://github.com/zizmorcore/zizmor/releases/download/v1.29.0/zizmor-aarch64-apple-darwin.tar.gz"
url_api = "https://api.github.com/repos/zizmorcore/zizmor/releases/assets/498263141"
provenance = "github-attestations"

[tools.zizmor."platforms.macos-x64"]
checksum = "sha256:648b72ab9941a7f2a8d65d7b68a8e76cef789538c8df3a3950384d38423375b0"
url = "https://github.com/zizmorcore/zizmor/releases/download/v1.29.0/zizmor-x86_64-apple-darwin.tar.gz"
url_api = "https://api.github.com/repos/zizmorcore/zizmor/releases/assets/498263144"
provenance = "github-attestations"

[tools.zizmor."platforms.windows-x64"]
checksum = "sha256:68a6bc6888f10bf0d53658c75885e7c1b7a0588d4c1fbc3f0ca280ad7324bf06"
url = "https://github.com/zizmorcore/zizmor/releases/download/v1.29.0/zizmor-x86_64-pc-windows-msvc.zip"
url_api = "https://api.github.com/repos/zizmorcore/zizmor/releases/assets/498263142"
provenance = "github-attestations"
