# @generated - this file is auto-generated by `mise lock` https://mise.jdx.dev/dev-tools/mise-lock.html

[[tools."aqua:EmbarkStudios/cargo-deny"]]
version = "0.20.2"
backend = "aqua:EmbarkStudios/cargo-deny"

[tools."aqua:EmbarkStudios/cargo-deny"."platforms.linux-arm64"]
checksum = "sha256:995c82be0defc7a025cae49a2aa2644ce8245c9a3318fc4103907c6a285e8c7d"
url = "https://github.com/EmbarkStudios/cargo-deny/releases/download/0.20.2/cargo-deny-0.20.2-aarch64-unknown-linux-musl.tar.gz"
url_api = "https://api.github.com/repos/EmbarkStudios/cargo-deny/releases/assets/471598345"

[tools."aqua:EmbarkStudios/cargo-deny"."platforms.linux-arm64-musl"]
checksum = "sha256:995c82be0defc7a025cae49a2aa2644ce8245c9a3318fc4103907c6a285e8c7d"
url = "https://github.com/EmbarkStudios/cargo-deny/releases/download/0.20.2/cargo-deny-0.20.2-aarch64-unknown-linux-musl.tar.gz"
url_api = "https://api.github.com/repos/EmbarkStudios/cargo-deny/releases/assets/471598345"

[tools."aqua:EmbarkStudios/cargo-deny"."platforms.linux-x64"]
checksum = "sha256:9f12ed4c49936e09b48bf862b595cde2fe64fcbd9d74dfacac6131ca824c8d5f"
url = "https://github.com/EmbarkStudios/cargo-deny/releases/download/0.20.2/cargo-deny-0.20.2-x86_64-unknown-linux-musl.tar.gz"
url_api = "https://api.github.com/repos/EmbarkStudios/cargo-deny/releases/assets/471598214"

[tools."aqua:EmbarkStudios/cargo-deny"."platforms.linux-x64-musl"]
checksum = "sha256:9f12ed4c49936e09b48bf862b595cde2fe64fcbd9d74dfacac6131ca824c8d5f"
url = "https://github.com/EmbarkStudios/cargo-deny/releases/download/0.20.2/cargo-deny-0.20.2-x86_64-unknown-linux-musl.tar.gz"
url_api = "https://api.github.com/repos/EmbarkStudios/cargo-deny/releases/assets/471598214"

[tools."aqua:EmbarkStudios/cargo-deny"."platforms.macos-arm64"]
checksum = "sha256:fe67d82a10d8597a3549364cb733a3f9cc1bfff9031b7ae46384a9f2a72090c3"
url = "https://github.com/EmbarkStudios/cargo-deny/releases/download/0.20.2/cargo-deny-0.20.2-aarch64-apple-darwin.tar.gz"
url_api = "https://api.github.com/repos/EmbarkStudios/cargo-deny/releases/assets/471597689"

[tools."aqua:EmbarkStudios/cargo-deny"."platforms.macos-x64"]
checksum = "sha256:248da7f581724e470071990c088ffc55c811981715f4cbdb258621fb79f8b7a6"
url = "https://github.com/EmbarkStudios/cargo-deny/releases/download/0.20.2/cargo-deny-0.20.2-x86_64-apple-darwin.tar.gz"
url_api = "https://api.github.com/repos/EmbarkStudios/cargo-deny/releases/assets/471598357"

[tools."aqua:EmbarkStudios/cargo-deny"."platforms.windows-x64"]
checksum = "sha256:975a22143262fd27476d19ee00c7af67978426e40e1dee94eed6bbade1cf87dc"
url = "https://github.com/EmbarkStudios/cargo-deny/releases/download/0.20.2/cargo-deny-0.20.2-x86_64-pc-windows-msvc.tar.gz"
url_api = "https://api.github.com/repos/EmbarkStudios/cargo-deny/releases/assets/471599057"

[[tools."aqua:release-plz/release-plz"]]
version = "0.3.160"
backend = "aqua:release-plz/release-plz"

[tools."aqua:release-plz/release-plz"."platforms.linux-arm64"]
checksum = "sha256:43022dc9192f6da8d7f1e9157fc492a8339502b29623432b172f5353b0a4283a"
url = "https://github.com/release-plz/release-plz/releases/download/release-plz-v0.3.160/release-plz-aarch64-unknown-linux-musl.tar.gz"
url_api = "https://api.github.com/repos/release-plz/release-plz/releases/assets/476456802"

[tools."aqua:release-plz/release-plz"."platforms.linux-arm64-musl"]
checksum = "sha256:43022dc9192f6da8d7f1e9157fc492a8339502b29623432b172f5353b0a4283a"
url = "https://github.com/release-plz/release-plz/releases/download/release-plz-v0.3.160/release-plz-aarch64-unknown-linux-musl.tar.gz"
url_api = "https://api.github.com/repos/release-plz/release-plz/releases/assets/476456802"

[tools."aqua:release-plz/release-plz"."platforms.linux-x64"]
checksum = "sha256:47a7ced8ce2870b767f47232adbfd5c561784af7cd0dbe1a83456977fe786d4a"
url = "https://github.com/release-plz/release-plz/releases/download/release-plz-v0.3.160/release-plz-x86_64-unknown-linux-musl.tar.gz"
url_api = "https://api.github.com/repos/release-plz/release-plz/releases/assets/476456450"

[tools."aqua:release-plz/release-plz"."platforms.linux-x64-musl"]
checksum = "sha256:47a7ced8ce2870b767f47232adbfd5c561784af7cd0dbe1a83456977fe786d4a"
url = "https://github.com/release-plz/release-plz/releases/download/release-plz-v0.3.160/release-plz-x86_64-unknown-linux-musl.tar.gz"
url_api = "https://api.github.com/repos/release-plz/release-plz/releases/assets/476456450"

[tools."aqua:release-plz/release-plz"."platforms.macos-arm64"]
checksum = "sha256:4ed9c58e2deac929154236580b7228c9ce00c7af4c6a9010f81cec3a3d012f4d"
url = "https://github.com/release-plz/release-plz/releases/download/release-plz-v0.3.160/release-plz-aarch64-apple-darwin.tar.gz"
url_api = "https://api.github.com/repos/release-plz/release-plz/releases/assets/476455697"

[tools."aqua:release-plz/release-plz"."platforms.windows-x64"]
checksum = "sha256:febcc0361cdfa557b30def8edf5d49aecc628b101727bbae29140950c4adb92b"
url = "https://github.com/release-plz/release-plz/releases/download/release-plz-v0.3.160/release-plz-x86_64-pc-windows-msvc.tar.gz"
url_api = "https://api.github.com/repos/release-plz/release-plz/releases/assets/476459873"

[[tools.hk]]
version = "1.54.0"
backend = "aqua:jdx/hk"

[tools.hk."platforms.linux-arm64"]
checksum = "sha256:79458d7464bbdf63cd578ef9ece71003d3e53a993f9fa630888b93d3ae24dd79"
url = "https://github.com/jdx/hk/releases/download/v1.54.0/hk-aarch64-unknown-linux-gnu.tar.gz"
url_api = "https://api.github.com/repos/jdx/hk/releases/assets/496037128"

[tools.hk."platforms.linux-arm64-musl"]
checksum = "sha256:c1ad33f83265363440c7fc77656e604532049f038c42d7b8924fc43e5a3b935d"
url = "https://github.com/jdx/hk/releases/download/v1.54.0/hk-aarch64-unknown-linux-musl.tar.gz"
url_api = "https://api.github.com/repos/jdx/hk/releases/assets/496037132"

[tools.hk."platforms.linux-x64"]
checksum = "sha256:467f691713b1afbeada4df662bd44696405cd987a5c7f64fee0fe71399628d0c"
url = "https://github.com/jdx/hk/releases/download/v1.54.0/hk-x86_64-unknown-linux-gnu.tar.gz"
url_api = "https://api.github.com/repos/jdx/hk/releases/assets/496037136"

[tools.hk."platforms.linux-x64-musl"]
checksum = "sha256:ddce69611ce32a08b481dd3ccd5c700b1d535d12c86be784bc6d74b1d6256546"
url = "https://github.com/jdx/hk/releases/download/v1.54.0/hk-x86_64-unknown-linux-musl.tar.gz"
url_api = "https://api.github.com/repos/jdx/hk/releases/assets/496037135"

[tools.hk."platforms.macos-arm64"]
checksum = "sha256:54e47c56f64916e63004b68ae848637e3e90d06f89e3ae8de985ebc35fd9f7e7"
url = "https://github.com/jdx/hk/releases/download/v1.54.0/hk-aarch64-apple-darwin.tar.gz"
url_api = "https://api.github.com/repos/jdx/hk/releases/assets/496037130"

[tools.hk."platforms.windows-x64"]
checksum = "sha256:ab0f65942c89c72b322c700bf427926f54db84fd2827121eab03287144d2ec64"
url = "https://github.com/jdx/hk/releases/download/v1.54.0/hk-x86_64-pc-windows-msvc.zip"
url_api = "https://api.github.com/repos/jdx/hk/releases/assets/496037131"

[[tools."pipx:serena-agent"]]
version = "1.6.1"
backend = "pipx:serena-agent"

[[tools.rust]]
version = "1.85.0"
backend = "core:rust"

[tools.rust.options]
components = "clippy,rustfmt"

[[tools.uv]]
version = "0.8.24"
backend = "aqua:astral-sh/uv"

[tools.uv."platforms.linux-arm64"]
checksum = "sha256:2b8f7383b19d408c680a74a6dbd41c70976516922234eb0075fd2de67413cf29"
url = "https://github.com/astral-sh/uv/releases/download/0.8.24/uv-aarch64-unknown-linux-musl.tar.gz"
url_api = "https://api.github.com/repos/astral-sh/uv/releases/assets/301366457"

[tools.uv."platforms.linux-arm64-musl"]
checksum = "sha256:2b8f7383b19d408c680a74a6dbd41c70976516922234eb0075fd2de67413cf29"
url = "https://github.com/astral-sh/uv/releases/download/0.8.24/uv-aarch64-unknown-linux-musl.tar.gz"
url_api = "https://api.github.com/repos/astral-sh/uv/releases/assets/301366457"

[tools.uv."platforms.linux-x64"]
checksum = "sha256:b38ce629a8653a6b444b7c1bff2d8b99bdafd274e66a4900c5838051e3d99d26"
url = "https://github.com/astral-sh/uv/releases/download/0.8.24/uv-x86_64-unknown-linux-musl.tar.gz"
url_api = "https://api.github.com/repos/astral-sh/uv/releases/assets/301366495"

[tools.uv."platforms.linux-x64-musl"]
checksum = "sha256:b38ce629a8653a6b444b7c1bff2d8b99bdafd274e66a4900c5838051e3d99d26"
url = "https://github.com/astral-sh/uv/releases/download/0.8.24/uv-x86_64-unknown-linux-musl.tar.gz"
url_api = "https://api.github.com/repos/astral-sh/uv/releases/assets/301366495"

[tools.uv."platforms.macos-arm64"]
checksum = "sha256:5f0d9d14b17ba3f0af4602a7a5a2e4faececf0a9463736cf8e6269c49569b2fa"
url = "https://github.com/astral-sh/uv/releases/download/0.8.24/uv-aarch64-apple-darwin.tar.gz"
url_api = "https://api.github.com/repos/astral-sh/uv/releases/assets/301366446"

[tools.uv."platforms.macos-x64"]
checksum = "sha256:b75ccf924654ad168efac2ec6934704b3d6b9cbff1650b35e17fa3d26d2bea1f"
url = "https://github.com/astral-sh/uv/releases/download/0.8.24/uv-x86_64-apple-darwin.tar.gz"
url_api = "https://api.github.com/repos/astral-sh/uv/releases/assets/301366488"

[tools.uv."platforms.windows-x64"]
checksum = "sha256:5055be7909a844f703c54e8846d14ab676c34be6ea0d969ee74c5747feaedda0"
url = "https://github.com/astral-sh/uv/releases/download/0.8.24/uv-x86_64-pc-windows-msvc.zip"
url_api = "https://api.github.com/repos/astral-sh/uv/releases/assets/301366490"
